{
  "object": {
    "pins": [
      {
        "package": "CombineX",
        "repositoryURL": "https://github.com/cx-org/CombineX",
        "state": {
          "branch": null,
          "revision": "96cd76ccddac5d0493ebd91d69f1e6e9ccb58f5f",
          "version": "0.3.0"
        }
      },
      {
        "package": "CXExtensions",
        "repositoryURL": "https://github.com/cx-org/CXExtensions",
        "state": {
          "branch": null,
          "revision": "6843af94bfaedfe90df1435c1a6c83cc3366a62b",
          "version": "0.3.0"
        }
      },
      {
        "package": "Gzip",
        "repositoryURL": "https://github.com/1024jp/GzipSwift",
        "state": {
          "branch": null,
          "revision": "ba0b6cb51cc6202f896e469b87d2889a46b10d1b",
          "version": "5.1.1"
        }
      },
      {
        "package": "Regex",
        "repositoryURL": "https://github.com/ddddxxx/Regex",
        "state": {
          "branch": null,
          "revision": "739734521806e17a60ba8c439050ae7ada062551",
          "version": "0.2.0"
        }
      },
      {
        "package": "SwiftCF",
        "repositoryURL": "https://github.com/ddddxxx/SwiftCF",
        "state": {
          "branch": null,
          "revision": "de40c892f92eaf043ac795ed1a04e2a9ecea0d9c",
          "version": "0.1.4"
        }
      }
    ]
  },
  "version": 1
}
